
Microsoft Visual Studio Solution File, Format Version 12.00
# Visual Studio Version 16
VisualStudioVersion = 16.0.30717.126
MinimumVisualStudioVersion = 10.0.40219.1
Project("{FAE04EC0-301F-11D3-BF4B-00C04F79EFBC}") = "JotunnLib", "JotunnLib\JotunnLib.csproj", "{A6082A59-38BE-4CAB-9078-2C8FCDA65B8F}"
EndProject
Project("{FAE04EC0-301F-11D3-BF4B-00C04F79EFBC}") = "TestMod", "TestMod\TestMod.csproj", "{4C2C2CF0-05F9-42C9-AD1D-5CD040D06344}"
EndProject
Global
	GlobalSection(SolutionConfigurationPlatforms) = preSolution
		Debug|Any CPU = Debug|Any CPU
		Release|Any CPU = Release|Any CPU
	EndGlobalSection
	GlobalSection(ProjectConfigurationPlatforms) = postSolution
		{A6082A59-38BE-4CAB-9078-2C8FCDA65B8F}.Debug|Any CPU.ActiveCfg = Debug|Any CPU
		{A6082A59-38BE-4CAB-9078-2C8FCDA65B8F}.Debug|Any CPU.Build.0 = Debug|Any CPU
		{A6082A59-38BE-4CAB-9078-2C8FCDA65B8F}.Release|Any CPU.ActiveCfg = Release|Any CPU
		{A6082A59-38BE-4CAB-9078-2C8FCDA65B8F}.Release|Any CPU.Build.0 = Release|Any CPU
		{4C2C2CF0-05F9-42C9-AD1D-5CD040D06344}.Debug|Any CPU.ActiveCfg = Debug|Any CPU
		{4C2C2CF0-05F9-42C9-AD1D-5CD040D06344}.Debug|Any CPU.Build.0 = Debug|Any CPU
		{4C2C2CF0-05F9-42C9-AD1D-5CD040D06344}.Release|Any CPU.ActiveCfg = Release|Any CPU
		{4C2C2CF0-05F9-42C9-AD1D-5CD040D06344}.Release|Any CPU.Build.0 = Release|Any CPU
	EndGlobalSection
	GlobalSection(SolutionProperties) = preSolution
		HideSolutionNode = FALSE
	EndGlobalSection
	GlobalSection(ExtensibilityGlobals) = postSolution
		SolutionGuid = {CC939BBE-40FE-46AD-A708-9699F21F963D}
	EndGlobalSection
EndGlobal
